// !$*UTF8*$!
{
	archiveVersion = 1;
	classes = {
	};
	objectVersion = 46;
	objects = {
/* Begin PBXBuildFile section */
		0207DA581B56EA530066E2B4 /* Images.xcassets in Resources */ = {isa = PBXBuildFile; fileRef = 0207DA571B56EA530066E2B4 /* Images.xcassets */; };
		1D3623260D0F684500981E51 /* AppDelegate.m in Sources */ = {isa = PBXBuildFile; fileRef = 1D3623250D0F684500981E51 /* AppDelegate.m */; };
		1D60589B0D05DD56006BFB54 /* main.m in Sources */ = {isa = PBXBuildFile; fileRef = 29B97316FDCFA39411CA2CEA /* main.m */; };
		301BF552109A68D80062928A /* libCordova.a in Frameworks */ = {isa = PBXBuildFile; fileRef = 301BF535109A57CC0062928A /* libCordova.a */; };
		302D95F114D2391D003F00A1 /* MainViewController.m in Sources */ = {isa = PBXBuildFile; fileRef = 302D95EF14D2391D003F00A1 /* MainViewController.m */; };
		302D95F214D2391D003F00A1 /* MainViewController.xib in Resources */ = {isa = PBXBuildFile; fileRef = 302D95F014D2391D003F00A1 /* MainViewController.xib */; };
		3047A5121AB8059700498E2A /* build-debug.xcconfig in Resources */ = {isa = PBXBuildFile; fileRef = 3047A50F1AB8059700498E2A /* build-debug.xcconfig */; };
		3047A5131AB8059700498E2A /* build-release.xcconfig in Resources */ = {isa = PBXBuildFile; fileRef = 3047A5101AB8059700498E2A /* build-release.xcconfig */; };
		3047A5141AB8059700498E2A /* build.xcconfig in Resources */ = {isa = PBXBuildFile; fileRef = 3047A5111AB8059700498E2A /* build.xcconfig */; };
		6AFF5BF91D6E424B00AB3073 /* CDVLaunchScreen.storyboard in Resources */ = {isa = PBXBuildFile; fileRef = 6AFF5BF81D6E424B00AB3073 /* CDVLaunchScreen.storyboard */; };
		E8D68AFA07FF46FD87B5A335 /* CDVBattery.m in Sources */ = {isa = PBXBuildFile; fileRef = 9B38F7D78267462682762196 /* CDVBattery.m */; };
		30D908455BF24B78ADD1B4A9 /* UIImage+CropScaleOrientation.m in Sources */ = {isa = PBXBuildFile; fileRef = C2EFB44A7F124C62849F78C4 /* UIImage+CropScaleOrientation.m */; };
		24CA6BB289FA4563B41C328D /* CDVCamera.m in Sources */ = {isa = PBXBuildFile; fileRef = 324C5A48AB0D4DD6ADAE44ED /* CDVCamera.m */; };
		8A880D7337544B72BCB1CDB4 /* CDVJpegHeaderWriter.m in Sources */ = {isa = PBXBuildFile; fileRef = 9F8E0F51249D46238CC63D42 /* CDVJpegHeaderWriter.m */; };
		BB7A28CDF3E546C581524991 /* ImageIO.framework in Frameworks */ = {isa = PBXBuildFile; fileRef = 13BED32863594479AD38B67E /* ImageIO.framework */; settings = {ATTRIBUTES = (Weak, ); }; };
		B9D0DDB6D6484C1EAB97A467 /* CoreLocation.framework in Frameworks */ = {isa = PBXBuildFile; fileRef = 697BED24970B486BBE415B2C /* CoreLocation.framework */; };
		AC32C4C25044415080B61CA7 /* AVFoundation.framework in Frameworks */ = {isa = PBXBuildFile; fileRef = 7FB4B9F269B1407D980B2879 /* AVFoundation.framework */; };
		20E60C60AF584F09A39EC64C /* CDVLogger.m in Sources */ = {isa = PBXBuildFile; fileRef = 2D79EE28D1914DB88A479F84 /* CDVLogger.m */; };
		27F40C3A7D034BB8822D19B6 /* CDVContacts.m in Sources */ = {isa = PBXBuildFile; fileRef = 1FA5403DA2884484BAB6C38D /* CDVContacts.m */; };
		387DE82B66014CA3B36614AA /* CDVContact.m in Sources */ = {isa = PBXBuildFile; fileRef = 82E1C7F188F44CD2A6F22D03 /* CDVContact.m */; };
		7F50DA3FCA914A2C88EF4BC0 /* AddressBook.framework in Frameworks */ = {isa = PBXBuildFile; fileRef = AA792B4BEA34407AA8241AA3 /* AddressBook.framework */; settings = {ATTRIBUTES = (Weak, ); }; };
		809C9CFE63D1419ABAE43BE9 /* AddressBookUI.framework in Frameworks */ = {isa = PBXBuildFile; fileRef = E54F542FBCA84EB9920B334A /* AddressBookUI.framework */; settings = {ATTRIBUTES = (Weak, ); }; };
		79CD9D5D0ADB43E2899A9B85 /* CDVDevice.m in Sources */ = {isa = PBXBuildFile; fileRef = 39FDC543105849A4830CC67F /* CDVDevice.m */; };
		B20EF95BBCF74C7FAC7079D8 /* libz.tbd in Frameworks */ = {isa = PBXBuildFile; fileRef = A6D5515C878F42A08A1D226D /* libz.tbd */; };
		6B30CA11F61D4F63B2886040 /* CDVAccelerometer.m in Sources */ = {isa = PBXBuildFile; fileRef = 4B260BB9033E4BF09CD9DFB2 /* CDVAccelerometer.m */; };
		F4B181555F77497D8D7A9B17 /* CoreMotion.framework in Frameworks */ = {isa = PBXBuildFile; fileRef = F991894853DE41C4B6FA95E2 /* CoreMotion.framework */; };
		849ADA904A214F9BAA777DE3 /* CDVCompass.m in Sources */ = {isa = PBXBuildFile; fileRef = 7025315EE1FC4BD4A4D62418 /* CDVCompass.m */; };
		23072193F9DD44209264CC57 /* CDVNotification.m in Sources */ = {isa = PBXBuildFile; fileRef = 63A90AAC075B4000976A2D12 /* CDVNotification.m */; };
		E8AE636541B34FA3B02B43FA /* CDVNotification.bundle in Resources */ = {isa = PBXBuildFile; fileRef = 584F2C13A72E4957879FB5B3 /* CDVNotification.bundle */; };
		0A16DA6E90694435B1255C81 /* AudioToolbox.framework in Frameworks */ = {isa = PBXBuildFile; fileRef = 4C7F5764E94445A68D9281C9 /* AudioToolbox.framework */; settings = {ATTRIBUTES = (Weak, ); }; };
		B234C9FFC1B94D59B2AB08C0 /* CDVFile.m in Sources */ = {isa = PBXBuildFile; fileRef = 2A47434832CF483F80DF1336 /* CDVFile.m */; };
		1E9A4E860B34468FBAEE9BC9 /* CDVLocalFilesystem.m in Sources */ = {isa = PBXBuildFile; fileRef = 97C4EFDEC2C843BBAFF31D53 /* CDVLocalFilesystem.m */; };
		E68F15B795A640AEBF79C9A2 /* CDVAssetLibraryFilesystem.m in Sources */ = {isa = PBXBuildFile; fileRef = 77C5FB4A56BC43AB912A6B78 /* CDVAssetLibraryFilesystem.m */; };
		C31232F005A04170A674D859 /* CDVFileTransfer.m in Sources */ = {isa = PBXBuildFile; fileRef = 87504FF8D38B47E0A6E87B4D /* CDVFileTransfer.m */; };
		EBB59D62717346D1B933D4BF /* CDVLocation.m in Sources */ = {isa = PBXBuildFile; fileRef = E016FB0D251A413D81CB629B /* CDVLocation.m */; };
		59B8A9266369416C8226A201 /* CDVGlobalization.m in Sources */ = {isa = PBXBuildFile; fileRef = 74A4618B6CAA496F8E51DEF3 /* CDVGlobalization.m */; };
		829BA29CA6384A41AFC91794 /* CDVInAppBrowser.m in Sources */ = {isa = PBXBuildFile; fileRef = 58D3A63A9DE543D48316F0B5 /* CDVInAppBrowser.m */; };
		F749735F7C654F3186D524D0 /* CDVSound.m in Sources */ = {isa = PBXBuildFile; fileRef = E76079B4A719473CAE0CB015 /* CDVSound.m */; };
		A762F9BECE0C4543B5DD44D2 /* CDVCapture.m in Sources */ = {isa = PBXBuildFile; fileRef = 3E6833D4342F4BE1844D2A47 /* CDVCapture.m */; };
		FC3A8875E7044647B157B2E1 /* CDVCapture.bundle in Resources */ = {isa = PBXBuildFile; fileRef = 1C08879440CE46E086D6EB9B /* CDVCapture.bundle */; };
		8CDE621A9EA2407A94290D68 /* CDVConnection.m in Sources */ = {isa = PBXBuildFile; fileRef = F28FF2B26983469D8708295B /* CDVConnection.m */; };
		378D9066192247F1849130DE /* CDVReachability.m in Sources */ = {isa = PBXBuildFile; fileRef = 5F1EAFED3CF847ED9CACCF7A /* CDVReachability.m */; };
		F1573C8CF2C24A0C931D6E1D /* SystemConfiguration.framework in Frameworks */ = {isa = PBXBuildFile; fileRef = 071E0E9BCDEB474EA90847E4 /* SystemConfiguration.framework */; settings = {ATTRIBUTES = (Weak, ); }; };
		7644C3992A9A46259E4105BB /* CoreTelephony.framework in Frameworks */ = {isa = PBXBuildFile; fileRef = FD05DC76752F4D41BA9BAC62 /* CoreTelephony.framework */; };
		F73B9FDDCDD54A24A44E2CE6 /* CDVSplashScreen.m in Sources */ = {isa = PBXBuildFile; fileRef = 5CBA36F158CC4218AC9FBE19 /* CDVSplashScreen.m */; };
		B05505F47BC943839A38F268 /* CDVViewController+SplashScreen.m in Sources */ = {isa = PBXBuildFile; fileRef = DACF94EDDDFD4D3EB9378617 /* CDVViewController+SplashScreen.m */; };
		575271DEAD424CFBA4D328AB /* CDVStatusBar.m in Sources */ = {isa = PBXBuildFile; fileRef = 31A160D161354DCD9308384A /* CDVStatusBar.m */; };
		FE4880687829481CB05DEC92 /* CDVVibration.m in Sources */ = {isa = PBXBuildFile; fileRef = FDA43A6307424393B812E488 /* CDVVibration.m */; };
/* End PBXBuildFile section */

/* Begin PBXContainerItemProxy section */
		301BF534109A57CC0062928A /* PBXContainerItemProxy */ = {
			isa = PBXContainerItemProxy;
			containerPortal = 301BF52D109A57CC0062928A /* CordovaLib.xcodeproj */;
			proxyType = 2;
			remoteGlobalIDString = D2AAC07E0554694100DB518D;
			remoteInfo = CordovaLib;
		};
		301BF550109A68C00062928A /* PBXContainerItemProxy */ = {
			isa = PBXContainerItemProxy;
			containerPortal = 301BF52D109A57CC0062928A /* CordovaLib.xcodeproj */;
			proxyType = 1;
			remoteGlobalIDString = D2AAC07D0554694100DB518D;
			remoteInfo = CordovaLib;
		};
/* End PBXContainerItemProxy section */

/* Begin PBXFileReference section */
		0207DA571B56EA530066E2B4 /* Images.xcassets */ = {isa = PBXFileReference; lastKnownFileType = folder.assetcatalog; name = Images.xcassets; path = "testPhonegapiOS/Images.xcassets"; sourceTree = SOURCE_ROOT; };
		1D3623240D0F684500981E51 /* AppDelegate.h */ = {isa = PBXFileReference; fileEncoding = 4; lastKnownFileType = sourcecode.c.h; path = AppDelegate.h; sourceTree = "<group>"; };
		1D3623250D0F684500981E51 /* AppDelegate.m */ = {isa = PBXFileReference; fileEncoding = 4; lastKnownFileType = sourcecode.c.objc; path = AppDelegate.m; sourceTree = "<group>"; };
		1D6058910D05DD3D006BFB54 /* testPhonegapiOS.app */ = {isa = PBXFileReference; explicitFileType = wrapper.application; includeInIndex = 0; path = "testPhonegapiOS.app"; sourceTree = BUILT_PRODUCTS_DIR; };
		29B97316FDCFA39411CA2CEA /* main.m */ = {isa = PBXFileReference; fileEncoding = 4; lastKnownFileType = sourcecode.c.objc; path = main.m; sourceTree = "<group>"; };
		301BF52D109A57CC0062928A /* CordovaLib.xcodeproj */ = {isa = PBXFileReference; lastKnownFileType = "wrapper.pb-project"; name = CordovaLib.xcodeproj; path = CordovaLib/CordovaLib.xcodeproj; sourceTree = "<group>"; };
		301BF56E109A69640062928A /* www */ = {isa = PBXFileReference; lastKnownFileType = folder; path = www; sourceTree = SOURCE_ROOT; };
		302D95EE14D2391D003F00A1 /* MainViewController.h */ = {isa = PBXFileReference; fileEncoding = 4; lastKnownFileType = sourcecode.c.h; path = MainViewController.h; sourceTree = "<group>"; };
		302D95EF14D2391D003F00A1 /* MainViewController.m */ = {isa = PBXFileReference; fileEncoding = 4; lastKnownFileType = sourcecode.c.objc; path = MainViewController.m; sourceTree = "<group>"; };
		302D95F014D2391D003F00A1 /* MainViewController.xib */ = {isa = PBXFileReference; fileEncoding = 4; lastKnownFileType = file.xib; path = MainViewController.xib; sourceTree = "<group>"; };
		3047A50F1AB8059700498E2A /* build-debug.xcconfig */ = {isa = PBXFileReference; fileEncoding = 4; lastKnownFileType = text.xcconfig; name = "build-debug.xcconfig"; path = cordova/build-debug.xcconfig; sourceTree = SOURCE_ROOT; };
		3047A5101AB8059700498E2A /* build-release.xcconfig */ = {isa = PBXFileReference; fileEncoding = 4; lastKnownFileType = text.xcconfig; name = "build-release.xcconfig"; path = cordova/build-release.xcconfig; sourceTree = SOURCE_ROOT; };
		3047A5111AB8059700498E2A /* build.xcconfig */ = {isa = PBXFileReference; fileEncoding = 4; lastKnownFileType = text.xcconfig; name = build.xcconfig; path = cordova/build.xcconfig; sourceTree = SOURCE_ROOT; };
		32CA4F630368D1EE00C91783 /* testPhonegapiOS-Prefix.pch */ = {isa = PBXFileReference; fileEncoding = 4; lastKnownFileType = sourcecode.c.h; path = "testPhonegapiOS-Prefix.pch"; sourceTree = "<group>"; };
		6AFF5BF81D6E424B00AB3073 /* CDVLaunchScreen.storyboard */ = {isa = PBXFileReference; fileEncoding = 4; lastKnownFileType = file.storyboard; name = CDVLaunchScreen.storyboard; path = "testPhonegapiOS/CDVLaunchScreen.storyboard"; sourceTree = SOURCE_ROOT; };
		8D1107310486CEB800E47090 /* testPhonegapiOS-Info.plist */ = {isa = PBXFileReference; fileEncoding = 4; lastKnownFileType = text.plist.xml; name = "testPhonegapiOS-Info.plist"; path = "testPhonegapiOS/testPhonegapiOS-Info.plist"; plistStructureDefinitionIdentifier = "com.apple.xcode.plist.structure-definition.iphone.info-plist"; sourceTree = SOURCE_ROOT; };
		EB87FDF31871DA8E0020F90C /* www */ = {isa = PBXFileReference; lastKnownFileType = folder; name = www; path = ../../www; sourceTree = "<group>"; };
		EB87FDF41871DAF40020F90C /* config.xml */ = {isa = PBXFileReference; lastKnownFileType = text.xml; name = config.xml; path = ../../config.xml; sourceTree = "<group>"; };
		F840E1F0165FE0F500CFE078 /* config.xml */ = {isa = PBXFileReference; lastKnownFileType = text.xml; name = config.xml; path = "testPhonegapiOS/config.xml"; sourceTree = "<group>"; };
		ED33DF2A687741AEAF9F8254 /* Bridging-Header.h */ = {isa = PBXFileReference; fileEncoding = 4; lastKnownFileType = sourcecode.c.h; name = "Bridging-Header.h"; path = "Bridging-Header.h"; sourceTree = "<group>"; };
		9B38F7D78267462682762196 /* CDVBattery.m */ = {isa = PBXFileReference; name = "CDVBattery.m"; path = "cordova-plugin-battery-status/CDVBattery.m"; sourceTree = "<group>"; fileEncoding = 4; lastKnownFileType = sourcecode.c.objc; explicitFileType = undefined; includeInIndex = 0; };
		B1A8454916814E3682DE877C /* CDVBattery.h */ = {isa = PBXFileReference; name = "CDVBattery.h"; path = "cordova-plugin-battery-status/CDVBattery.h"; sourceTree = "<group>"; fileEncoding = 4; lastKnownFileType = sourcecode.c.h; explicitFileType = undefined; includeInIndex = 0; };
		C2EFB44A7F124C62849F78C4 /* UIImage+CropScaleOrientation.m */ = {isa = PBXFileReference; name = "UIImage+CropScaleOrientation.m"; path = "cordova-plugin-camera/UIImage+CropScaleOrientation.m"; sourceTree = "<group>"; fileEncoding = 4; lastKnownFileType = sourcecode.c.objc; explicitFileType = undefined; includeInIndex = 0; };
		324C5A48AB0D4DD6ADAE44ED /* CDVCamera.m */ = {isa = PBXFileReference; name = "CDVCamera.m"; path = "cordova-plugin-camera/CDVCamera.m"; sourceTree = "<group>"; fileEncoding = 4; lastKnownFileType = sourcecode.c.objc; explicitFileType = undefined; includeInIndex = 0; };
		9F8E0F51249D46238CC63D42 /* CDVJpegHeaderWriter.m */ = {isa = PBXFileReference; name = "CDVJpegHeaderWriter.m"; path = "cordova-plugin-camera/CDVJpegHeaderWriter.m"; sourceTree = "<group>"; fileEncoding = 4; lastKnownFileType = sourcecode.c.objc; explicitFileType = undefined; includeInIndex = 0; };
		1DF2A9F4300D4DB6A77C10CD /* UIImage+CropScaleOrientation.h */ = {isa = PBXFileReference; name = "UIImage+CropScaleOrientation.h"; path = "cordova-plugin-camera/UIImage+CropScaleOrientation.h"; sourceTree = "<group>"; fileEncoding = 4; lastKnownFileType = sourcecode.c.h; explicitFileType = undefined; includeInIndex = 0; };
		93C4C6A2A06D47919F2758DC /* CDVCamera.h */ = {isa = PBXFileReference; name = "CDVCamera.h"; path = "cordova-plugin-camera/CDVCamera.h"; sourceTree = "<group>"; fileEncoding = 4; lastKnownFileType = sourcecode.c.h; explicitFileType = undefined; includeInIndex = 0; };
		3EF5042083A14C0AADA68B52 /* CDVJpegHeaderWriter.h */ = {isa = PBXFileReference; name = "CDVJpegHeaderWriter.h"; path = "cordova-plugin-camera/CDVJpegHeaderWriter.h"; sourceTree = "<group>"; fileEncoding = 4; lastKnownFileType = sourcecode.c.h; explicitFileType = undefined; includeInIndex = 0; };
		18DC797DBC7648A5A7A550D3 /* CDVExif.h */ = {isa = PBXFileReference; name = "CDVExif.h"; path = "cordova-plugin-camera/CDVExif.h"; sourceTree = "<group>"; fileEncoding = 4; lastKnownFileType = sourcecode.c.h; explicitFileType = undefined; includeInIndex = 0; };
		13BED32863594479AD38B67E /* ImageIO.framework */ = {isa = PBXFileReference; name = "ImageIO.framework"; path = "System/Library/Frameworks/ImageIO.framework"; sourceTree = SDKROOT; fileEncoding = undefined; lastKnownFileType = wrapper.framework; explicitFileType = undefined; includeInIndex = 0; };
		697BED24970B486BBE415B2C /* CoreLocation.framework */ = {isa = PBXFileReference; name = "CoreLocation.framework"; path = "System/Library/Frameworks/CoreLocation.framework"; sourceTree = SDKROOT; fileEncoding = undefined; lastKnownFileType = wrapper.framework; explicitFileType = undefined; includeInIndex = 0; };
		7FB4B9F269B1407D980B2879 /* AVFoundation.framework */ = {isa = PBXFileReference; name = "AVFoundation.framework"; path = "System/Library/Frameworks/AVFoundation.framework"; sourceTree = SDKROOT; fileEncoding = undefined; lastKnownFileType = wrapper.framework; explicitFileType = undefined; includeInIndex = 0; };
		2D79EE28D1914DB88A479F84 /* CDVLogger.m */ = {isa = PBXFileReference; name = "CDVLogger.m"; path = "cordova-plugin-console/CDVLogger.m"; sourceTree = "<group>"; fileEncoding = 4; lastKnownFileType = sourcecode.c.objc; explicitFileType = undefined; includeInIndex = 0; };
		18A829C2FF16490494DB5203 /* CDVLogger.h */ = {isa = PBXFileReference; name = "CDVLogger.h"; path = "cordova-plugin-console/CDVLogger.h"; sourceTree = "<group>"; fileEncoding = 4; lastKnownFileType = sourcecode.c.h; explicitFileType = undefined; includeInIndex = 0; };
		1FA5403DA2884484BAB6C38D /* CDVContacts.m */ = {isa = PBXFileReference; name = "CDVContacts.m"; path = "cordova-plugin-contacts/CDVContacts.m"; sourceTree = "<group>"; fileEncoding = 4; lastKnownFileType = sourcecode.c.objc; explicitFileType = undefined; includeInIndex = 0; };
		82E1C7F188F44CD2A6F22D03 /* CDVContact.m */ = {isa = PBXFileReference; name = "CDVContact.m"; path = "cordova-plugin-contacts/CDVContact.m"; sourceTree = "<group>"; fileEncoding = 4; lastKnownFileType = sourcecode.c.objc; explicitFileType = undefined; includeInIndex = 0; };
		458636B8A5CA4C38A07976E2 /* CDVContacts.h */ = {isa = PBXFileReference; name = "CDVContacts.h"; path = "cordova-plugin-contacts/CDVContacts.h"; sourceTree = "<group>"; fileEncoding = 4; lastKnownFileType = sourcecode.c.h; explicitFileType = undefined; includeInIndex = 0; };
		DB697C9FDA0049E692C72EF8 /* CDVContact.h */ = {isa = PBXFileReference; name = "CDVContact.h"; path = "cordova-plugin-contacts/CDVContact.h"; sourceTree = "<group>"; fileEncoding = 4; lastKnownFileType = sourcecode.c.h; explicitFileType = undefined; includeInIndex = 0; };
		AA792B4BEA34407AA8241AA3 /* AddressBook.framework */ = {isa = PBXFileReference; name = "AddressBook.framework"; path = "System/Library/Frameworks/AddressBook.framework"; sourceTree = SDKROOT; fileEncoding = undefined; lastKnownFileType = wrapper.framework; explicitFileType = undefined; includeInIndex = 0; };
		E54F542FBCA84EB9920B334A /* AddressBookUI.framework */ = {isa = PBXFileReference; name = "AddressBookUI.framework"; path = "System/Library/Frameworks/AddressBookUI.framework"; sourceTree = SDKROOT; fileEncoding = undefined; lastKnownFileType = wrapper.framework; explicitFileType = undefined; includeInIndex = 0; };
		39FDC543105849A4830CC67F /* CDVDevice.m */ = {isa = PBXFileReference; name = "CDVDevice.m"; path = "cordova-plugin-device/CDVDevice.m"; sourceTree = "<group>"; fileEncoding = 4; lastKnownFileType = sourcecode.c.objc; explicitFileType = undefined; includeInIndex = 0; };
		0BB854E693D04DC3A1AD2D34 /* CDVDevice.h */ = {isa = PBXFileReference; name = "CDVDevice.h"; path = "cordova-plugin-device/CDVDevice.h"; sourceTree = "<group>"; fileEncoding = 4; lastKnownFileType = sourcecode.c.h; explicitFileType = undefined; includeInIndex = 0; };
		A6D5515C878F42A08A1D226D /* libz.tbd */ = {isa = PBXFileReference; name = "libz.tbd"; path = "usr/lib/libz.tbd"; sourceTree = SDKROOT; fileEncoding = undefined; lastKnownFileType = sourcecode.text-based-dylib-definition; explicitFileType = undefined; includeInIndex = 0; };
		4B260BB9033E4BF09CD9DFB2 /* CDVAccelerometer.m */ = {isa = PBXFileReference; name = "CDVAccelerometer.m"; path = "cordova-plugin-device-motion/CDVAccelerometer.m"; sourceTree = "<group>"; fileEncoding = 4; lastKnownFileType = sourcecode.c.objc; explicitFileType = undefined; includeInIndex = 0; };
		EF5239D915EA40CE9A99C73C /* CDVAccelerometer.h */ = {isa = PBXFileReference; name = "CDVAccelerometer.h"; path = "cordova-plugin-device-motion/CDVAccelerometer.h"; sourceTree = "<group>"; fileEncoding = 4; lastKnownFileType = sourcecode.c.h; explicitFileType = undefined; includeInIndex = 0; };
		F991894853DE41C4B6FA95E2 /* CoreMotion.framework */ = {isa = PBXFileReference; name = "CoreMotion.framework"; path = "System/Library/Frameworks/CoreMotion.framework"; sourceTree = SDKROOT; fileEncoding = undefined; lastKnownFileType = wrapper.framework; explicitFileType = undefined; includeInIndex = 0; };
		7025315EE1FC4BD4A4D62418 /* CDVCompass.m */ = {isa = PBXFileReference; name = "CDVCompass.m"; path = "cordova-plugin-device-orientation/CDVCompass.m"; sourceTree = "<group>"; fileEncoding = 4; lastKnownFileType = sourcecode.c.objc; explicitFileType = undefined; includeInIndex = 0; };
		16FE4B22CDF144D8836919BF /* CDVCompass.h */ = {isa = PBXFileReference; name = "CDVCompass.h"; path = "cordova-plugin-device-orientation/CDVCompass.h"; sourceTree = "<group>"; fileEncoding = 4; lastKnownFileType = sourcecode.c.h; explicitFileType = undefined; includeInIndex = 0; };
		63A90AAC075B4000976A2D12 /* CDVNotification.m */ = {isa = PBXFileReference; name = "CDVNotification.m"; path = "cordova-plugin-dialogs/CDVNotification.m"; sourceTree = "<group>"; fileEncoding = 4; lastKnownFileType = sourcecode.c.objc; explicitFileType = undefined; includeInIndex = 0; };
		5C58CBB17B6F49108D9E526E /* CDVNotification.h */ = {isa = PBXFileReference; name = "CDVNotification.h"; path = "cordova-plugin-dialogs/CDVNotification.h"; sourceTree = "<group>"; fileEncoding = 4; lastKnownFileType = sourcecode.c.h; explicitFileType = undefined; includeInIndex = 0; };
		584F2C13A72E4957879FB5B3 /* CDVNotification.bundle */ = {isa = PBXFileReference; name = "CDVNotification.bundle"; path = "CDVNotification.bundle"; sourceTree = "<group>"; fileEncoding = undefined; lastKnownFileType = wrapper.plug-in; explicitFileType = undefined; includeInIndex = 0; };
		4C7F5764E94445A68D9281C9 /* AudioToolbox.framework */ = {isa = PBXFileReference; name = "AudioToolbox.framework"; path = "System/Library/Frameworks/AudioToolbox.framework"; sourceTree = SDKROOT; fileEncoding = undefined; lastKnownFileType = wrapper.framework; explicitFileType = undefined; includeInIndex = 0; };
		2A47434832CF483F80DF1336 /* CDVFile.m */ = {isa = PBXFileReference; name = "CDVFile.m"; path = "cordova-plugin-file/CDVFile.m"; sourceTree = "<group>"; fileEncoding = 4; lastKnownFileType = sourcecode.c.objc; explicitFileType = undefined; includeInIndex = 0; };
		97C4EFDEC2C843BBAFF31D53 /* CDVLocalFilesystem.m */ = {isa = PBXFileReference; name = "CDVLocalFilesystem.m"; path = "cordova-plugin-file/CDVLocalFilesystem.m"; sourceTree = "<group>"; fileEncoding = 4; lastKnownFileType = sourcecode.c.objc; explicitFileType = undefined; includeInIndex = 0; };
		77C5FB4A56BC43AB912A6B78 /* CDVAssetLibraryFilesystem.m */ = {isa = PBXFileReference; name = "CDVAssetLibraryFilesystem.m"; path = "cordova-plugin-file/CDVAssetLibraryFilesystem.m"; sourceTree = "<group>"; fileEncoding = 4; lastKnownFileType = sourcecode.c.objc; explicitFileType = undefined; includeInIndex = 0; };
		D0F097C831A241E3A0D67F85 /* CDVFile.h */ = {isa = PBXFileReference; name = "CDVFile.h"; path = "cordova-plugin-file/CDVFile.h"; sourceTree = "<group>"; fileEncoding = 4; lastKnownFileType = sourcecode.c.h; explicitFileType = undefined; includeInIndex = 0; };
		FB4BF3DEC37A464C85301AC5 /* CDVLocalFilesystem.h */ = {isa = PBXFileReference; name = "CDVLocalFilesystem.h"; path = "cordova-plugin-file/CDVLocalFilesystem.h"; sourceTree = "<group>"; fileEncoding = 4; lastKnownFileType = sourcecode.c.h; explicitFileType = undefined; includeInIndex = 0; };
		A27898D4A6694420BEB0AB35 /* CDVAssetLibraryFilesystem.h */ = {isa = PBXFileReference; name = "CDVAssetLibraryFilesystem.h"; path = "cordova-plugin-file/CDVAssetLibraryFilesystem.h"; sourceTree = "<group>"; fileEncoding = 4; lastKnownFileType = sourcecode.c.h; explicitFileType = undefined; includeInIndex = 0; };
		87504FF8D38B47E0A6E87B4D /* CDVFileTransfer.m */ = {isa = PBXFileReference; name = "CDVFileTransfer.m"; path = "cordova-plugin-file-transfer/CDVFileTransfer.m"; sourceTree = "<group>"; fileEncoding = 4; lastKnownFileType = sourcecode.c.objc; explicitFileType = undefined; includeInIndex = 0; };
		85CE10067DC747829E60CD56 /* CDVFileTransfer.h */ = {isa = PBXFileReference; name = "CDVFileTransfer.h"; path = "cordova-plugin-file-transfer/CDVFileTransfer.h"; sourceTree = "<group>"; fileEncoding = 4; lastKnownFileType = sourcecode.c.h; explicitFileType = undefined; includeInIndex = 0; };
		E016FB0D251A413D81CB629B /* CDVLocation.m */ = {isa = PBXFileReference; name = "CDVLocation.m"; path = "cordova-plugin-geolocation/CDVLocation.m"; sourceTree = "<group>"; fileEncoding = 4; lastKnownFileType = sourcecode.c.objc; explicitFileType = undefined; includeInIndex = 0; };
		62F5E323A47F4D34A36CABB6 /* CDVLocation.h */ = {isa = PBXFileReference; name = "CDVLocation.h"; path = "cordova-plugin-geolocation/CDVLocation.h"; sourceTree = "<group>"; fileEncoding = 4; lastKnownFileType = sourcecode.c.h; explicitFileType = undefined; includeInIndex = 0; };
		74A4618B6CAA496F8E51DEF3 /* CDVGlobalization.m */ = {isa = PBXFileReference; name = "CDVGlobalization.m"; path = "cordova-plugin-globalization/CDVGlobalization.m"; sourceTree = "<group>"; fileEncoding = 4; lastKnownFileType = sourcecode.c.objc; explicitFileType = undefined; includeInIndex = 0; };
		8C53F782F300475095E1BBA9 /* CDVGlobalization.h */ = {isa = PBXFileReference; name = "CDVGlobalization.h"; path = "cordova-plugin-globalization/CDVGlobalization.h"; sourceTree = "<group>"; fileEncoding = 4; lastKnownFileType = sourcecode.c.h; explicitFileType = undefined; includeInIndex = 0; };
		58D3A63A9DE543D48316F0B5 /* CDVInAppBrowser.m */ = {isa = PBXFileReference; name = "CDVInAppBrowser.m"; path = "cordova-plugin-inappbrowser/CDVInAppBrowser.m"; sourceTree = "<group>"; fileEncoding = 4; lastKnownFileType = sourcecode.c.objc; explicitFileType = undefined; includeInIndex = 0; };
		2874D4546EEB42C282887141 /* CDVInAppBrowser.h */ = {isa = PBXFileReference; name = "CDVInAppBrowser.h"; path = "cordova-plugin-inappbrowser/CDVInAppBrowser.h"; sourceTree = "<group>"; fileEncoding = 4; lastKnownFileType = sourcecode.c.h; explicitFileType = undefined; includeInIndex = 0; };
		E76079B4A719473CAE0CB015 /* CDVSound.m */ = {isa = PBXFileReference; name = "CDVSound.m"; path = "cordova-plugin-media/CDVSound.m"; sourceTree = "<group>"; fileEncoding = 4; lastKnownFileType = sourcecode.c.objc; explicitFileType = undefined; includeInIndex = 0; };
		097F0B6A5C3F4998860DE4C3 /* CDVSound.h */ = {isa = PBXFileReference; name = "CDVSound.h"; path = "cordova-plugin-media/CDVSound.h"; sourceTree = "<group>"; fileEncoding = 4; lastKnownFileType = sourcecode.c.h; explicitFileType = undefined; includeInIndex = 0; };
		3E6833D4342F4BE1844D2A47 /* CDVCapture.m */ = {isa = PBXFileReference; name = "CDVCapture.m"; path = "cordova-plugin-media-capture/CDVCapture.m"; sourceTree = "<group>"; fileEncoding = 4; lastKnownFileType = sourcecode.c.objc; explicitFileType = undefined; includeInIndex = 0; };
		DF83C4EB717641BAB34A5024 /* CDVCapture.h */ = {isa = PBXFileReference; name = "CDVCapture.h"; path = "cordova-plugin-media-capture/CDVCapture.h"; sourceTree = "<group>"; fileEncoding = 4; lastKnownFileType = sourcecode.c.h; explicitFileType = undefined; includeInIndex = 0; };
		1C08879440CE46E086D6EB9B /* CDVCapture.bundle */ = {isa = PBXFileReference; name = "CDVCapture.bundle"; path = "CDVCapture.bundle"; sourceTree = "<group>"; fileEncoding = undefined; lastKnownFileType = wrapper.plug-in; explicitFileType = undefined; includeInIndex = 0; };
		F28FF2B26983469D8708295B /* CDVConnection.m */ = {isa = PBXFileReference; name = "CDVConnection.m"; path = "cordova-plugin-network-information/CDVConnection.m"; sourceTree = "<group>"; fileEncoding = 4; lastKnownFileType = sourcecode.c.objc; explicitFileType = undefined; includeInIndex = 0; };
		5F1EAFED3CF847ED9CACCF7A /* CDVReachability.m */ = {isa = PBXFileReference; name = "CDVReachability.m"; path = "cordova-plugin-network-information/CDVReachability.m"; sourceTree = "<group>"; fileEncoding = 4; lastKnownFileType = sourcecode.c.objc; explicitFileType = undefined; includeInIndex = 0; };
		7A7240937D954C6990EC56AC /* CDVConnection.h */ = {isa = PBXFileReference; name = "CDVConnection.h"; path = "cordova-plugin-network-information/CDVConnection.h"; sourceTree = "<group>"; fileEncoding = 4; lastKnownFileType = sourcecode.c.h; explicitFileType = undefined; includeInIndex = 0; };
		B2E4EE6457A548F5A206C260 /* CDVReachability.h */ = {isa = PBXFileReference; name = "CDVReachability.h"; path = "cordova-plugin-network-information/CDVReachability.h"; sourceTree = "<group>"; fileEncoding = 4; lastKnownFileType = sourcecode.c.h; explicitFileType = undefined; includeInIndex = 0; };
		071E0E9BCDEB474EA90847E4 /* SystemConfiguration.framework */ = {isa = PBXFileReference; name = "SystemConfiguration.framework"; path = "System/Library/Frameworks/SystemConfiguration.framework"; sourceTree = SDKROOT; fileEncoding = undefined; lastKnownFileType = wrapper.framework; explicitFileType = undefined; includeInIndex = 0; };
		FD05DC76752F4D41BA9BAC62 /* CoreTelephony.framework */ = {isa = PBXFileReference; name = "CoreTelephony.framework"; path = "System/Library/Frameworks/CoreTelephony.framework"; sourceTree = SDKROOT; fileEncoding = undefined; lastKnownFileType = wrapper.framework; explicitFileType = undefined; includeInIndex = 0; };
		5CBA36F158CC4218AC9FBE19 /* CDVSplashScreen.m */ = {isa = PBXFileReference; name = "CDVSplashScreen.m"; path = "cordova-plugin-splashscreen/CDVSplashScreen.m"; sourceTree = "<group>"; fileEncoding = 4; lastKnownFileType = sourcecode.c.objc; explicitFileType = undefined; includeInIndex = 0; };
		DACF94EDDDFD4D3EB9378617 /* CDVViewController+SplashScreen.m */ = {isa = PBXFileReference; name = "CDVViewController+SplashScreen.m"; path = "cordova-plugin-splashscreen/CDVViewController+SplashScreen.m"; sourceTree = "<group>"; fileEncoding = 4; lastKnownFileType = sourcecode.c.objc; explicitFileType = undefined; includeInIndex = 0; };
		2027875AA02F439BB0D9F4D6 /* CDVSplashScreen.h */ = {isa = PBXFileReference; name = "CDVSplashScreen.h"; path = "cordova-plugin-splashscreen/CDVSplashScreen.h"; sourceTree = "<group>"; fileEncoding = 4; lastKnownFileType = sourcecode.c.h; explicitFileType = undefined; includeInIndex = 0; };
		FD3F7C80EA3949A1A4E6B439 /* CDVViewController+SplashScreen.h */ = {isa = PBXFileReference; name = "CDVViewController+SplashScreen.h"; path = "cordova-plugin-splashscreen/CDVViewController+SplashScreen.h"; sourceTree = "<group>"; fileEncoding = 4; lastKnownFileType = sourcecode.c.h; explicitFileType = undefined; includeInIndex = 0; };
		31A160D161354DCD9308384A /* CDVStatusBar.m */ = {isa = PBXFileReference; name = "CDVStatusBar.m"; path = "cordova-plugin-statusbar/CDVStatusBar.m"; sourceTree = "<group>"; fileEncoding = 4; lastKnownFileType = sourcecode.c.objc; explicitFileType = undefined; includeInIndex = 0; };
		6EA0DD513DC649D09EAE8741 /* CDVStatusBar.h */ = {isa = PBXFileReference; name = "CDVStatusBar.h"; path = "cordova-plugin-statusbar/CDVStatusBar.h"; sourceTree = "<group>"; fileEncoding = 4; lastKnownFileType = sourcecode.c.h; explicitFileType = undefined; includeInIndex = 0; };
		FDA43A6307424393B812E488 /* CDVVibration.m */ = {isa = PBXFileReference; name = "CDVVibration.m"; path = "cordova-plugin-vibration/CDVVibration.m"; sourceTree = "<group>"; fileEncoding = 4; lastKnownFileType = sourcecode.c.objc; explicitFileType = undefined; includeInIndex = 0; };
		57C925B71740401AA35ABEDB /* CDVVibration.h */ = {isa = PBXFileReference; name = "CDVVibration.h"; path = "cordova-plugin-vibration/CDVVibration.h"; sourceTree = "<group>"; fileEncoding = 4; lastKnownFileType = sourcecode.c.h; explicitFileType = undefined; includeInIndex = 0; };
/* End PBXFileReference section */

/* Begin PBXFrameworksBuildPhase section */
		1D60588F0D05DD3D006BFB54 /* Frameworks */ = {
			isa = PBXFrameworksBuildPhase;
			buildActionMask = 2147483647;
			files = (
				301BF552109A68D80062928A /* libCordova.a in Frameworks */,
				BB7A28CDF3E546C581524991 /* ImageIO.framework in Frameworks */,
				B9D0DDB6D6484C1EAB97A467 /* CoreLocation.framework in Frameworks */,
				AC32C4C25044415080B61CA7 /* AVFoundation.framework in Frameworks */,
				7F50DA3FCA914A2C88EF4BC0 /* AddressBook.framework in Frameworks */,
				809C9CFE63D1419ABAE43BE9 /* AddressBookUI.framework in Frameworks */,
				B20EF95BBCF74C7FAC7079D8 /* libz.tbd in Frameworks */,
				F4B181555F77497D8D7A9B17 /* CoreMotion.framework in Frameworks */,
				0A16DA6E90694435B1255C81 /* AudioToolbox.framework in Frameworks */,
				F1573C8CF2C24A0C931D6E1D /* SystemConfiguration.framework in Frameworks */,
				7644C3992A9A46259E4105BB /* CoreTelephony.framework in Frameworks */,
			);
			runOnlyForDeploymentPostprocessing = 0;
		};
/* End PBXFrameworksBuildPhase section */

/* Begin PBXGroup section */
		080E96DDFE201D6D7F000001 /* Classes */ = {
			isa = PBXGroup;
			children = (
				302D95EE14D2391D003F00A1 /* MainViewController.h */,
				302D95EF14D2391D003F00A1 /* MainViewController.m */,
				302D95F014D2391D003F00A1 /* MainViewController.xib */,
				1D3623240D0F684500981E51 /* AppDelegate.h */,
				1D3623250D0F684500981E51 /* AppDelegate.m */,
			);
			name = Classes;
			path = "testPhonegapiOS/Classes";
			sourceTree = SOURCE_ROOT;
		};
		19C28FACFE9D520D11CA2CBB /* Products */ = {
			isa = PBXGroup;
			children = (
				1D6058910D05DD3D006BFB54 /* testPhonegapiOS.app */,
			);
			name = Products;
			sourceTree = "<group>";
		};
		29B97314FDCFA39411CA2CEA /* CustomTemplate */ = {
			isa = PBXGroup;
			children = (
				EB87FDF41871DAF40020F90C /* config.xml */,
				EB87FDF31871DA8E0020F90C /* www */,
				EB87FDF11871DA420020F90C /* Staging */,
				301BF52D109A57CC0062928A /* CordovaLib.xcodeproj */,
				080E96DDFE201D6D7F000001 /* Classes */,
				307C750510C5A3420062BCA9 /* Plugins */,
				29B97315FDCFA39411CA2CEA /* Other Sources */,
				29B97317FDCFA39411CA2CEA /* Resources */,
				29B97323FDCFA39411CA2CEA /* Frameworks */,
				19C28FACFE9D520D11CA2CBB /* Products */,
			);
			name = CustomTemplate;
			sourceTree = "<group>";
		};
		29B97315FDCFA39411CA2CEA /* Other Sources */ = {
			isa = PBXGroup;
			children = (
				32CA4F630368D1EE00C91783 /* testPhonegapiOS-Prefix.pch */,
				29B97316FDCFA39411CA2CEA /* main.m */,
				ED33DF2A687741AEAF9F8254 /* Bridging-Header.h */,
			);
			name = "Other Sources";
			path = "testPhonegapiOS";
			sourceTree = "<group>";
		};
		29B97317FDCFA39411CA2CEA /* Resources */ = {
			isa = PBXGroup;
			children = (
				0207DA571B56EA530066E2B4 /* Images.xcassets */,
				3047A50E1AB8057F00498E2A /* config */,
				8D1107310486CEB800E47090 /* testPhonegapiOS-Info.plist */,
				6AFF5BF81D6E424B00AB3073 /* CDVLaunchScreen.storyboard */,
				584F2C13A72E4957879FB5B3 /* CDVNotification.bundle */,
				1C08879440CE46E086D6EB9B /* CDVCapture.bundle */,
			);
			name = Resources;
			path = "testPhonegapiOS/Resources";
			sourceTree = "<group>";
		};
		29B97323FDCFA39411CA2CEA /* Frameworks */ = {
			isa = PBXGroup;
			children = (
				13BED32863594479AD38B67E /* ImageIO.framework */,
				697BED24970B486BBE415B2C /* CoreLocation.framework */,
				7FB4B9F269B1407D980B2879 /* AVFoundation.framework */,
				AA792B4BEA34407AA8241AA3 /* AddressBook.framework */,
				E54F542FBCA84EB9920B334A /* AddressBookUI.framework */,
				A6D5515C878F42A08A1D226D /* libz.tbd */,
				F991894853DE41C4B6FA95E2 /* CoreMotion.framework */,
				4C7F5764E94445A68D9281C9 /* AudioToolbox.framework */,
				071E0E9BCDEB474EA90847E4 /* SystemConfiguration.framework */,
				FD05DC76752F4D41BA9BAC62 /* CoreTelephony.framework */,
			);
			name = Frameworks;
			sourceTree = "<group>";
		};
		301BF52E109A57CC0062928A /* Products */ = {
			isa = PBXGroup;
			children = (
				301BF535109A57CC0062928A /* libCordova.a */,
			);
			name = Products;
			sourceTree = "<group>";
		};
		3047A50E1AB8057F00498E2A /* config */ = {
			isa = PBXGroup;
			children = (
				3047A50F1AB8059700498E2A /* build-debug.xcconfig */,
				3047A5101AB8059700498E2A /* build-release.xcconfig */,
				3047A5111AB8059700498E2A /* build.xcconfig */,
			);
			name = config;
			sourceTree = "<group>";
		};
		307C750510C5A3420062BCA9 /* Plugins */ = {
			isa = PBXGroup;
			children = (
				9B38F7D78267462682762196 /* CDVBattery.m */,
				B1A8454916814E3682DE877C /* CDVBattery.h */,
				C2EFB44A7F124C62849F78C4 /* UIImage+CropScaleOrientation.m */,
				324C5A48AB0D4DD6ADAE44ED /* CDVCamera.m */,
				9F8E0F51249D46238CC63D42 /* CDVJpegHeaderWriter.m */,
				1DF2A9F4300D4DB6A77C10CD /* UIImage+CropScaleOrientation.h */,
				93C4C6A2A06D47919F2758DC /* CDVCamera.h */,
				3EF5042083A14C0AADA68B52 /* CDVJpegHeaderWriter.h */,
				18DC797DBC7648A5A7A550D3 /* CDVExif.h */,
				2D79EE28D1914DB88A479F84 /* CDVLogger.m */,
				18A829C2FF16490494DB5203 /* CDVLogger.h */,
				1FA5403DA2884484BAB6C38D /* CDVContacts.m */,
				82E1C7F188F44CD2A6F22D03 /* CDVContact.m */,
				458636B8A5CA4C38A07976E2 /* CDVContacts.h */,
				DB697C9FDA0049E692C72EF8 /* CDVContact.h */,
				39FDC543105849A4830CC67F /* CDVDevice.m */,
				0BB854E693D04DC3A1AD2D34 /* CDVDevice.h */,
				4B260BB9033E4BF09CD9DFB2 /* CDVAccelerometer.m */,
				EF5239D915EA40CE9A99C73C /* CDVAccelerometer.h */,
				7025315EE1FC4BD4A4D62418 /* CDVCompass.m */,
				16FE4B22CDF144D8836919BF /* CDVCompass.h */,
				63A90AAC075B4000976A2D12 /* CDVNotification.m */,
				5C58CBB17B6F49108D9E526E /* CDVNotification.h */,
				2A47434832CF483F80DF1336 /* CDVFile.m */,
				97C4EFDEC2C843BBAFF31D53 /* CDVLocalFilesystem.m */,
				77C5FB4A56BC43AB912A6B78 /* CDVAssetLibraryFilesystem.m */,
				D0F097C831A241E3A0D67F85 /* CDVFile.h */,
				FB4BF3DEC37A464C85301AC5 /* CDVLocalFilesystem.h */,
				A27898D4A6694420BEB0AB35 /* CDVAssetLibraryFilesystem.h */,
				87504FF8D38B47E0A6E87B4D /* CDVFileTransfer.m */,
				85CE10067DC747829E60CD56 /* CDVFileTransfer.h */,
				E016FB0D251A413D81CB629B /* CDVLocation.m */,
				62F5E323A47F4D34A36CABB6 /* CDVLocation.h */,
				74A4618B6CAA496F8E51DEF3 /* CDVGlobalization.m */,
				8C53F782F300475095E1BBA9 /* CDVGlobalization.h */,
				58D3A63A9DE543D48316F0B5 /* CDVInAppBrowser.m */,
				2874D4546EEB42C282887141 /* CDVInAppBrowser.h */,
				E76079B4A719473CAE0CB015 /* CDVSound.m */,
				097F0B6A5C3F4998860DE4C3 /* CDVSound.h */,
				3E6833D4342F4BE1844D2A47 /* CDVCapture.m */,
				DF83C4EB717641BAB34A5024 /* CDVCapture.h */,
				F28FF2B26983469D8708295B /* CDVConnection.m */,
				5F1EAFED3CF847ED9CACCF7A /* CDVReachability.m */,
				7A7240937D954C6990EC56AC /* CDVConnection.h */,
				B2E4EE6457A548F5A206C260 /* CDVReachability.h */,
				5CBA36F158CC4218AC9FBE19 /* CDVSplashScreen.m */,
				DACF94EDDDFD4D3EB9378617 /* CDVViewController+SplashScreen.m */,
				2027875AA02F439BB0D9F4D6 /* CDVSplashScreen.h */,
				FD3F7C80EA3949A1A4E6B439 /* CDVViewController+SplashScreen.h */,
				31A160D161354DCD9308384A /* CDVStatusBar.m */,
				6EA0DD513DC649D09EAE8741 /* CDVStatusBar.h */,
				FDA43A6307424393B812E488 /* CDVVibration.m */,
				57C925B71740401AA35ABEDB /* CDVVibration.h */,
			);
			name = Plugins;
			path = "testPhonegapiOS/Plugins";
			sourceTree = SOURCE_ROOT;
		};
		EB87FDF11871DA420020F90C /* Staging */ = {
			isa = PBXGroup;
			children = (
				F840E1F0165FE0F500CFE078 /* config.xml */,
				301BF56E109A69640062928A /* www */,
			);
			name = Staging;
			sourceTree = "<group>";
		};
/* End PBXGroup section */

/* Begin PBXNativeTarget section */
		1D6058900D05DD3D006BFB54 /* testPhonegapiOS */ = {
			isa = PBXNativeTarget;
			buildConfigurationList = 1D6058960D05DD3E006BFB54 /* Build configuration list for PBXNativeTarget "testPhonegapiOS" */;
			buildPhases = (
				304B58A110DAC018002A0835 /* Copy www directory */,
				1D60588D0D05DD3D006BFB54 /* Resources */,
				1D60588E0D05DD3D006BFB54 /* Sources */,
				1D60588F0D05DD3D006BFB54 /* Frameworks */,
			);
			buildRules = (
			);
			dependencies = (
				301BF551109A68C00062928A /* PBXTargetDependency */,
			);
			name = "testPhonegapiOS";
			productName = "testPhonegapiOS";
			productReference = 1D6058910D05DD3D006BFB54 /* testPhonegapiOS.app */;
			productType = "com.apple.product-type.application";
		};
/* End PBXNativeTarget section */

/* Begin PBXProject section */
		29B97313FDCFA39411CA2CEA /* Project object */ = {
			isa = PBXProject;
			attributes = {
				LastUpgradeCheck = 510;
			};
			buildConfigurationList = C01FCF4E08A954540054247B /* Build configuration list for PBXProject "__NON-CLI__" */;
			compatibilityVersion = "Xcode 3.2";
			developmentRegion = English;
			hasScannedForEncodings = 1;
			mainGroup = 29B97314FDCFA39411CA2CEA /* CustomTemplate */;
			projectDirPath = "";
			projectReferences = (
				{
					ProductGroup = 301BF52E109A57CC0062928A /* Products */;
					ProjectRef = 301BF52D109A57CC0062928A /* CordovaLib.xcodeproj */;
				},
			);
			projectRoot = "";
			targets = (
				1D6058900D05DD3D006BFB54 /* testPhonegapiOS */,
			);
		};
/* End PBXProject section */

/* Begin PBXReferenceProxy section */
		301BF535109A57CC0062928A /* libCordova.a */ = {
			isa = PBXReferenceProxy;
			fileType = archive.ar;
			path = libCordova.a;
			remoteRef = 301BF534109A57CC0062928A /* PBXContainerItemProxy */;
			sourceTree = BUILT_PRODUCTS_DIR;
		};
/* End PBXReferenceProxy section */

/* Begin PBXResourcesBuildPhase section */
		1D60588D0D05DD3D006BFB54 /* Resources */ = {
			isa = PBXResourcesBuildPhase;
			buildActionMask = 2147483647;
			files = (
				302D95F214D2391D003F00A1 /* MainViewController.xib in Resources */,
				0207DA581B56EA530066E2B4 /* Images.xcassets in Resources */,
				6AFF5BF91D6E424B00AB3073 /* CDVLaunchScreen.storyboard in Resources */,
				E8AE636541B34FA3B02B43FA /* CDVNotification.bundle in Resources */,
				FC3A8875E7044647B157B2E1 /* CDVCapture.bundle in Resources */,
			);
			runOnlyForDeploymentPostprocessing = 0;
		};
/* End PBXResourcesBuildPhase section */

/* Begin PBXShellScriptBuildPhase section */
		304B58A110DAC018002A0835 /* Copy www directory */ = {
			isa = PBXShellScriptBuildPhase;
			buildActionMask = 2147483647;
			files = (
			);
			inputPaths = (
			);
			name = "Copy www directory";
			outputPaths = (
			);
			runOnlyForDeploymentPostprocessing = 0;
			shellPath = /bin/sh;
			shellScript = "NODEJS_PATH=/usr/local/bin; NVM_NODE_PATH=~/.nvm/versions/node/`nvm version 2>/dev/null`/bin; N_NODE_PATH=`find /usr/local/n/versions/node/* -maxdepth 0 -type d 2>/dev/null | tail -1`/bin; XCODE_NODE_PATH=`xcode-select --print-path`/usr/share/xcs/Node/bin; PATH=$NODEJS_PATH:$NVM_NODE_PATH:$N_NODE_PATH:$XCODE_NODE_PATH:$PATH && node cordova/lib/copy-www-build-step.js";
			showEnvVarsInLog = 0;
		};
/* End PBXShellScriptBuildPhase section */

/* Begin PBXSourcesBuildPhase section */
		1D60588E0D05DD3D006BFB54 /* Sources */ = {
			isa = PBXSourcesBuildPhase;
			buildActionMask = 2147483647;
			files = (
				1D60589B0D05DD56006BFB54 /* main.m in Sources */,
				1D3623260D0F684500981E51 /* AppDelegate.m in Sources */,
				302D95F114D2391D003F00A1 /* MainViewController.m in Sources */,
				E8D68AFA07FF46FD87B5A335 /* CDVBattery.m in Sources */,
				30D908455BF24B78ADD1B4A9 /* UIImage+CropScaleOrientation.m in Sources */,
				24CA6BB289FA4563B41C328D /* CDVCamera.m in Sources */,
				8A880D7337544B72BCB1CDB4 /* CDVJpegHeaderWriter.m in Sources */,
				20E60C60AF584F09A39EC64C /* CDVLogger.m in Sources */,
				27F40C3A7D034BB8822D19B6 /* CDVContacts.m in Sources */,
				387DE82B66014CA3B36614AA /* CDVContact.m in Sources */,
				79CD9D5D0ADB43E2899A9B85 /* CDVDevice.m in Sources */,
				6B30CA11F61D4F63B2886040 /* CDVAccelerometer.m in Sources */,
				849ADA904A214F9BAA777DE3 /* CDVCompass.m in Sources */,
				23072193F9DD44209264CC57 /* CDVNotification.m in Sources */,
				B234C9FFC1B94D59B2AB08C0 /* CDVFile.m in Sources */,
				1E9A4E860B34468FBAEE9BC9 /* CDVLocalFilesystem.m in Sources */,
				E68F15B795A640AEBF79C9A2 /* CDVAssetLibraryFilesystem.m in Sources */,
				C31232F005A04170A674D859 /* CDVFileTransfer.m in Sources */,
				EBB59D62717346D1B933D4BF /* CDVLocation.m in Sources */,
				59B8A9266369416C8226A201 /* CDVGlobalization.m in Sources */,
				829BA29CA6384A41AFC91794 /* CDVInAppBrowser.m in Sources */,
				F749735F7C654F3186D524D0 /* CDVSound.m in Sources */,
				A762F9BECE0C4543B5DD44D2 /* CDVCapture.m in Sources */,
				8CDE621A9EA2407A94290D68 /* CDVConnection.m in Sources */,
				378D9066192247F1849130DE /* CDVReachability.m in Sources */,
				F73B9FDDCDD54A24A44E2CE6 /* CDVSplashScreen.m in Sources */,
				B05505F47BC943839A38F268 /* CDVViewController+SplashScreen.m in Sources */,
				575271DEAD424CFBA4D328AB /* CDVStatusBar.m in Sources */,
				FE4880687829481CB05DEC92 /* CDVVibration.m in Sources */,
			);
			runOnlyForDeploymentPostprocessing = 0;
		};
/* End PBXSourcesBuildPhase section */

/* Begin PBXTargetDependency section */
		301BF551109A68C00062928A /* PBXTargetDependency */ = {
			isa = PBXTargetDependency;
			name = CordovaLib;
			targetProxy = 301BF550109A68C00062928A /* PBXContainerItemProxy */;
		};
/* End PBXTargetDependency section */

/* Begin XCBuildConfiguration section */
		1D6058940D05DD3E006BFB54 /* Debug */ = {
			isa = XCBuildConfiguration;
			baseConfigurationReference = 3047A50F1AB8059700498E2A /* build-debug.xcconfig */;
			buildSettings = {
				ALWAYS_SEARCH_USER_PATHS = NO;
				ASSETCATALOG_COMPILER_APPICON_NAME = AppIcon;
				ASSETCATALOG_COMPILER_LAUNCHIMAGE_NAME = LaunchImage;
				CLANG_ENABLE_MODULES = YES;
				CLANG_ENABLE_OBJC_ARC = YES;
				COPY_PHASE_STRIP = NO;
				GCC_DYNAMIC_NO_PIC = NO;
				GCC_OPTIMIZATION_LEVEL = 0;
				GCC_PRECOMPILE_PREFIX_HEADER = YES;
				GCC_PREFIX_HEADER = "testPhonegapiOS/testPhonegapiOS-Prefix.pch";
				GCC_THUMB_SUPPORT = NO;
				GCC_VERSION = "";
				INFOPLIST_FILE = "testPhonegapiOS/testPhonegapiOS-Info.plist";
				IPHONEOS_DEPLOYMENT_TARGET = 8.0;
				LD_RUNPATH_SEARCH_PATHS = "@executable_path/Frameworks";
				TARGETED_DEVICE_FAMILY = "1,2";
				PRODUCT_NAME = "testPhonegapiOS";
			};
			name = Debug;
		};
		1D6058950D05DD3E006BFB54 /* Release */ = {
			isa = XCBuildConfiguration;
			baseConfigurationReference = 3047A5101AB8059700498E2A /* build-release.xcconfig */;
			buildSettings = {
				ALWAYS_SEARCH_USER_PATHS = NO;
				ASSETCATALOG_COMPILER_APPICON_NAME = AppIcon;
				ASSETCATALOG_COMPILER_LAUNCHIMAGE_NAME = LaunchImage;
				CLANG_ENABLE_MODULES = YES;
				CLANG_ENABLE_OBJC_ARC = YES;
				COPY_PHASE_STRIP = YES;
				GCC_PRECOMPILE_PREFIX_HEADER = YES;
				GCC_PREFIX_HEADER = "testPhonegapiOS/testPhonegapiOS-Prefix.pch";
				GCC_THUMB_SUPPORT = NO;
				GCC_VERSION = "";
				INFOPLIST_FILE = "testPhonegapiOS/testPhonegapiOS-Info.plist";
				IPHONEOS_DEPLOYMENT_TARGET = 8.0;
				LD_RUNPATH_SEARCH_PATHS = "@executable_path/Frameworks";
				TARGETED_DEVICE_FAMILY = "1,2";
				PRODUCT_NAME = "testPhonegapiOS";
			};
			name = Release;
		};
		C01FCF4F08A954540054247B /* Debug */ = {
			isa = XCBuildConfiguration;
			baseConfigurationReference = 3047A5111AB8059700498E2A /* build.xcconfig */;
			buildSettings = {
				CLANG_ENABLE_MODULES = YES;
				CLANG_ENABLE_OBJC_ARC = YES;
				CLANG_WARN_BOOL_CONVERSION = YES;
				CLANG_WARN_CONSTANT_CONVERSION = YES;
				CLANG_WARN_EMPTY_BODY = YES;
				CLANG_WARN_ENUM_CONVERSION = YES;
				CLANG_WARN_INT_CONVERSION = YES;
				CLANG_WARN__DUPLICATE_METHOD_MATCH = YES;
				GCC_C_LANGUAGE_STANDARD = c99;
				GCC_THUMB_SUPPORT = NO;
				GCC_VERSION = "";
				GCC_WARN_ABOUT_RETURN_TYPE = YES;
				GCC_WARN_UNDECLARED_SELECTOR = YES;
				GCC_WARN_UNINITIALIZED_AUTOS = YES;
				GCC_WARN_UNUSED_FUNCTION = YES;
				GCC_WARN_UNUSED_VARIABLE = YES;
				ONLY_ACTIVE_ARCH = YES;
				SDKROOT = iphoneos;
				SKIP_INSTALL = NO;
				ASSETCATALOG_COMPILER_LAUNCHIMAGE_NAME = LaunchImage;
			};
			name = Debug;
		};
		C01FCF5008A954540054247B /* Release */ = {
			isa = XCBuildConfiguration;
			baseConfigurationReference = 3047A5111AB8059700498E2A /* build.xcconfig */;
			buildSettings = {
				CLANG_ENABLE_MODULES = YES;
				CLANG_ENABLE_OBJC_ARC = YES;
				CLANG_WARN_BOOL_CONVERSION = YES;
				CLANG_WARN_CONSTANT_CONVERSION = YES;
				CLANG_WARN_EMPTY_BODY = YES;
				CLANG_WARN_ENUM_CONVERSION = YES;
				CLANG_WARN_INT_CONVERSION = YES;
				CLANG_WARN__DUPLICATE_METHOD_MATCH = YES;
				GCC_C_LANGUAGE_STANDARD = c99;
				GCC_THUMB_SUPPORT = NO;
				GCC_VERSION = "";
				GCC_WARN_ABOUT_RETURN_TYPE = YES;
				GCC_WARN_UNDECLARED_SELECTOR = YES;
				GCC_WARN_UNINITIALIZED_AUTOS = YES;
				GCC_WARN_UNUSED_FUNCTION = YES;
				GCC_WARN_UNUSED_VARIABLE = YES;
				SDKROOT = iphoneos;
				SKIP_INSTALL = NO;
				ASSETCATALOG_COMPILER_LAUNCHIMAGE_NAME = LaunchImage;
			};
			name = Release;
		};
/* End XCBuildConfiguration section */

/* Begin XCConfigurationList section */
		1D6058960D05DD3E006BFB54 /* Build configuration list for PBXNativeTarget "testPhonegapiOS" */ = {
			isa = XCConfigurationList;
			buildConfigurations = (
				1D6058940D05DD3E006BFB54 /* Debug */,
				1D6058950D05DD3E006BFB54 /* Release */,
			);
			defaultConfigurationIsVisible = 0;
			defaultConfigurationName = Release;
		};
		C01FCF4E08A954540054247B /* Build configuration list for PBXProject "__NON-CLI__" */ = {
			isa = XCConfigurationList;
			buildConfigurations = (
				C01FCF4F08A954540054247B /* Debug */,
				C01FCF5008A954540054247B /* Release */,
			);
			defaultConfigurationIsVisible = 0;
			defaultConfigurationName = Release;
		};
/* End XCConfigurationList section */
	};
	rootObject = 29B97313FDCFA39411CA2CEA /* Project object */;
}
